
Microsoft Visual Studio Solution File, Format Version 12.00
# Visual Studio 15
VisualStudioVersion = 15.0.27004.2006
MinimumVisualStudioVersion = 10.0.40219.1
Project("{FAE04EC0-301F-11D3-BF4B-00C04F79EFBC}") = "ProductsApp", "ProductsApp\ProductsApp.csproj", "{F8859517-2CFA-4DDA-A6DF-D1E752ADE82D}"
EndProject
Global
	GlobalSection(SolutionConfigurationPlatforms) = preSolution
		Debug|Any CPU = Debug|Any CPU
		Release|Any CPU = Release|Any CPU
	EndGlobalSection
	GlobalSection(ProjectConfigurationPlatforms) = postSolution
		{F8859517-2CFA-4DDA-A6DF-D1E752ADE82D}.Debug|Any CPU.ActiveCfg = Debug|Any CPU
		{F8859517-2CFA-4DDA-A6DF-D1E752ADE82D}.Debug|Any CPU.Build.0 = Debug|Any CPU
		{F8859517-2CFA-4DDA-A6DF-D1E752ADE82D}.Release|Any CPU.ActiveCfg = Release|Any CPU
		{F8859517-2CFA-4DDA-A6DF-D1E752ADE82D}.Release|Any CPU.Build.0 = Release|Any CPU
	EndGlobalSection
	GlobalSection(SolutionProperties) = preSolution
		HideSolutionNode = FALSE
	EndGlobalSection
	GlobalSection(ExtensibilityGlobals) = postSolution
		SolutionGuid = {18A4C15F-4886-462F-B984-E7B2149C98B1}
	EndGlobalSection
EndGlobal
